# @generated - this file is auto-generated by `mise lock` https://mise.en.dev/dev-tools/mise-lock.html

[conda-packages.linux-arm64."_openmp_mutex-4.5-20_gnu"]
url = "https://conda.anaconda.org/conda-forge/linux-aarch64/_openmp_mutex-4.5-20_gnu.conda"
checksum = "sha256:a2527b1d81792a0ccd2c05850960df119c2b6d8f5fdec97f2db7d25dc23b1068"

[conda-packages.linux-arm64."icu-78.3-h7ac5ae9_2"]
url = "https://conda.anaconda.org/conda-forge/linux-aarch64/icu-78.3-h7ac5ae9_2.conda"
checksum = "sha256:424a4d54715d11f7fdf033c2ba2fd1b19d6ebd069a15e007ea467b719af197b3"

[conda-packages.linux-arm64."libgcc-16.1.0-h205dda4_1"]
url = "https://conda.anaconda.org/conda-forge/linux-aarch64/libgcc-16.1.0-h205dda4_1.conda"
checksum = "sha256:88a3d400c678df034c9d498f32503779977d5ea826063687c663e42c945abed5"

[conda-packages.linux-arm64."libgomp-16.1.0-h8acb6b2_1"]
url = "https://conda.anaconda.org/conda-forge/linux-aarch64/libgomp-16.1.0-h8acb6b2_1.conda"
checksum = "sha256:1c609a4a72597350317b92c4d9dfb85d21740219048e2b1d458925a6ccfa3d7a"

[conda-packages.linux-arm64."libsqlite-3.53.2-h10b116e_2"]
url = "https://conda.anaconda.org/conda-forge/linux-aarch64/libsqlite-3.53.2-h10b116e_2.conda"
checksum = "sha256:720506c6648afb41e0c547450a70cd5c86f5c63d8e73e0b344ca197712f1a7a9"

[conda-packages.linux-arm64."libstdcxx-16.1.0-hef695bb_1"]
url = "https://conda.anaconda.org/conda-forge/linux-aarch64/libstdcxx-16.1.0-hef695bb_1.conda"
checksum = "sha256:81ef9a10a0e01ffc7e03d429ed048410153411b2d8bbf95c334bdf3dcf175ab0"

[conda-packages.linux-arm64."libzlib-1.3.2-hdc9db2a_3"]
url = "https://conda.anaconda.org/conda-forge/linux-aarch64/libzlib-1.3.2-hdc9db2a_3.conda"
checksum = "sha256:76efa6cc9d7e6f5ee3bbca0939f64054af2bdfb3c3632531f8e633cf6c2ea41e"

[conda-packages.linux-arm64."ncurses-6.6-hf8d1292_0"]
url = "https://conda.anaconda.org/conda-forge/linux-aarch64/ncurses-6.6-hf8d1292_0.conda"
checksum = "sha256:369db85c5cd8d99dde364ce70725d76511d9c8199e5b820c740414091bf5bcca"

[conda-packages.linux-arm64."readline-8.3-hb682ff5_0"]
url = "https://conda.anaconda.org/conda-forge/linux-aarch64/readline-8.3-hb682ff5_0.conda"
checksum = "sha256:fe695f9d215e9a2e3dd0ca7f56435ab4df24f5504b83865e3d295df36e88d216"

[conda-packages.linux-arm64-musl."_openmp_mutex-4.5-20_gnu"]
url = "https://conda.anaconda.org/conda-forge/linux-aarch64/_openmp_mutex-4.5-20_gnu.conda"
checksum = "sha256:a2527b1d81792a0ccd2c05850960df119c2b6d8f5fdec97f2db7d25dc23b1068"

[conda-packages.linux-arm64-musl."icu-78.3-h7ac5ae9_2"]
url = "https://conda.anaconda.org/conda-forge/linux-aarch64/icu-78.3-h7ac5ae9_2.conda"
checksum = "sha256:424a4d54715d11f7fdf033c2ba2fd1b19d6ebd069a15e007ea467b719af197b3"

[conda-packages.linux-arm64-musl."libgcc-16.1.0-h205dda4_1"]
url = "https://conda.anaconda.org/conda-forge/linux-aarch64/libgcc-16.1.0-h205dda4_1.conda"
checksum = "sha256:88a3d400c678df034c9d498f32503779977d5ea826063687c663e42c945abed5"

[conda-packages.linux-arm64-musl."libgomp-16.1.0-h8acb6b2_1"]
url = "https://conda.anaconda.org/conda-forge/linux-aarch64/libgomp-16.1.0-h8acb6b2_1.conda"
checksum = "sha256:1c609a4a72597350317b92c4d9dfb85d21740219048e2b1d458925a6ccfa3d7a"

[conda-packages.linux-arm64-musl."libsqlite-3.53.2-h10b116e_2"]
url = "https://conda.anaconda.org/conda-forge/linux-aarch64/libsqlite-3.53.2-h10b116e_2.conda"
checksum = "sha256:720506c6648afb41e0c547450a70cd5c86f5c63d8e73e0b344ca197712f1a7a9"

[conda-packages.linux-arm64-musl."libstdcxx-16.1.0-hef695bb_1"]
url = "https://conda.anaconda.org/conda-forge/linux-aarch64/libstdcxx-16.1.0-hef695bb_1.conda"
checksum = "sha256:81ef9a10a0e01ffc7e03d429ed048410153411b2d8bbf95c334bdf3dcf175ab0"

[conda-packages.linux-arm64-musl."libzlib-1.3.2-hdc9db2a_3"]
url = "https://conda.anaconda.org/conda-forge/linux-aarch64/libzlib-1.3.2-hdc9db2a_3.conda"
checksum = "sha256:76efa6cc9d7e6f5ee3bbca0939f64054af2bdfb3c3632531f8e633cf6c2ea41e"

[conda-packages.linux-arm64-musl."ncurses-6.6-hf8d1292_0"]
url = "https://conda.anaconda.org/conda-forge/linux-aarch64/ncurses-6.6-hf8d1292_0.conda"
checksum = "sha256:369db85c5cd8d99dde364ce70725d76511d9c8199e5b820c740414091bf5bcca"

[conda-packages.linux-arm64-musl."readline-8.3-hb682ff5_0"]
url = "https://conda.anaconda.org/conda-forge/linux-aarch64/readline-8.3-hb682ff5_0.conda"
checksum = "sha256:fe695f9d215e9a2e3dd0ca7f56435ab4df24f5504b83865e3d295df36e88d216"

[conda-packages.macos-arm64."icu-78.3-hc7cc350_2"]
url = "https://conda.anaconda.org/conda-forge/osx-arm64/icu-78.3-hc7cc350_2.conda"
checksum = "sha256:f0b22bc30e4cc29e29ba3234cb38497fe8def2c2aae4b775d42fe5b378a018c9"

[conda-packages.macos-arm64."libsqlite-3.53.2-h1ae2325_2"]
url = "https://conda.anaconda.org/conda-forge/osx-arm64/libsqlite-3.53.2-h1ae2325_2.conda"
checksum = "sha256:3fab2b5a39cc85c4522723438401f42e4b2171e2607e3afee4c7c27b84a561bf"

[conda-packages.macos-arm64."libzlib-1.3.2-h8088a28_3"]
url = "https://conda.anaconda.org/conda-forge/osx-arm64/libzlib-1.3.2-h8088a28_3.conda"
checksum = "sha256:a18fa5d5bac452401459f966cf0d872224e8080c4ff93c77e168d43ab42ef9d7"

[conda-packages.macos-arm64."ncurses-6.6-h1d4f5a5_0"]
url = "https://conda.anaconda.org/conda-forge/osx-arm64/ncurses-6.6-h1d4f5a5_0.conda"
checksum = "sha256:4ea6c620b87bd1d42bb2ccc2c87cd2483fa2d7f9e905b14c223f11ff3f4c455d"

[conda-packages.macos-arm64."readline-8.3-h46df422_0"]
url = "https://conda.anaconda.org/conda-forge/osx-arm64/readline-8.3-h46df422_0.conda"
checksum = "sha256:a77010528efb4b548ac2a4484eaf7e1c3907f2aec86123ed9c5212ae44502477"

[conda-packages.macos-x64."icu-78.3-h4350ee2_2"]
url = "https://conda.anaconda.org/conda-forge/osx-64/icu-78.3-h4350ee2_2.conda"
checksum = "sha256:b8a1f0937d8a61b51c44e5ae295328d2d61598c25f14175b7a307e1ac50f72f2"

[conda-packages.macos-x64."libsqlite-3.53.2-h8f8c405_2"]
url = "https://conda.anaconda.org/conda-forge/osx-64/libsqlite-3.53.2-h8f8c405_2.conda"
checksum = "sha256:b7c75313a4d86165d623d5a1ad425e0d094589777022ebb380c5cd4feed5b2e8"

[conda-packages.macos-x64."libzlib-1.3.2-hbb4bfdb_3"]
url = "https://conda.anaconda.org/conda-forge/osx-64/libzlib-1.3.2-hbb4bfdb_3.conda"
checksum = "sha256:b2dba286dd6632292b12296e761193b5ef9fb0eaeecaa481f5ba9af72c0c18e1"

[conda-packages.macos-x64."ncurses-6.6-hcc0dc9a_0"]
url = "https://conda.anaconda.org/conda-forge/osx-64/ncurses-6.6-hcc0dc9a_0.conda"
checksum = "sha256:f5f7e006ff4271305ab4cc08eedd855c67a571793c3d18aff73f645f088a8cae"

[conda-packages.macos-x64."readline-8.3-h68b038d_0"]
url = "https://conda.anaconda.org/conda-forge/osx-64/readline-8.3-h68b038d_0.conda"
checksum = "sha256:4614af680aa0920e82b953fece85a03007e0719c3399f13d7de64176874b80d5"

[conda-packages.windows-x64."libsqlite-3.53.2-hf5d6505_2"]
url = "https://conda.anaconda.org/conda-forge/win-64/libsqlite-3.53.2-hf5d6505_2.conda"
checksum = "sha256:3867131fd31e2eab5ca242e7dbd0633bf0cb19f69984050f000bc89ff49e8ec3"

[conda-packages.windows-x64."ucrt-10.0.26100.0-h57928b3_0"]
url = "https://conda.anaconda.org/conda-forge/win-64/ucrt-10.0.26100.0-h57928b3_0.conda"
checksum = "sha256:3005729dce6f3d3f5ec91dfc49fc75a0095f9cd23bab49efb899657297ac91a5"

[conda-packages.windows-x64."vc-14.5-ha367084_41"]
url = "https://conda.anaconda.org/conda-forge/win-64/vc-14.5-ha367084_41.conda"
checksum = "sha256:35444c55a92e2f7f7ba26bc70f81e56e52344f7d064c0fd4b40a46a58517b79c"

[conda-packages.windows-x64."vc14_runtime-14.51.36247-habf1de7_41"]
url = "https://conda.anaconda.org/conda-forge/win-64/vc14_runtime-14.51.36247-habf1de7_41.conda"
checksum = "sha256:4e4cb599cdc41bf2109d1464c127b5bcbddf548ce3e322e612afb691338b48f8"

[conda-packages.windows-x64."vcomp14-14.51.36247-habf1de7_41"]
url = "https://conda.anaconda.org/conda-forge/win-64/vcomp14-14.51.36247-habf1de7_41.conda"
checksum = "sha256:731e043390c9457299484d39e427221fc868a9249540a498a5a4f6456c7744d1"

[[tools.biome]]
version = "2.5.4"
backend = "aqua:biomejs/biome"

[tools.biome."platforms.linux-arm64"]
checksum = "sha256:698199017fc0b0c865d9a0ca2074102eb1fd0b358fd164595f3960b004fe4b90"
url = "https://github.com/biomejs/biome/releases/download/%40biomejs/biome%402.5.4/biome-linux-arm64"
provenance = "github-attestations"

[tools.biome."platforms.linux-arm64-musl"]
checksum = "sha256:49c602aded99121c5c7f4ff227eca3b359d86931fbffba8c270067043a9873cf"
url = "https://github.com/biomejs/biome/releases/download/%40biomejs/biome%402.5.4/biome-linux-arm64-musl"
provenance = "github-attestations"

[tools.biome."platforms.linux-x64"]
checksum = "sha256:4cd66b4a2953197e0e169f24b8a6e5f0fc42b3e852c3f58e562866244f3e11db"
url = "https://github.com/biomejs/biome/releases/download/%40biomejs/biome%402.5.4/biome-linux-x64"
provenance = "github-attestations"

[tools.biome."platforms.linux-x64-musl"]
checksum = "sha256:e5601b0963d66cb24e1bcc975189ea0acd17b59815e8d48a2da88817f8b7652b"
url = "https://github.com/biomejs/biome/releases/download/%40biomejs/biome%402.5.4/biome-linux-x64-musl"
provenance = "github-attestations"

[tools.biome."platforms.macos-arm64"]
checksum = "sha256:1250bb41a0409cf6c3133fc47819237eb61251624297f87158d2bed3ec123c3c"
url = "https://github.com/biomejs/biome/releases/download/%40biomejs/biome%402.5.4/biome-darwin-arm64"
provenance = "github-attestations"

[tools.biome."platforms.macos-x64"]
checksum = "sha256:b3dfae5422dbd86272bb8ed40afec66670ea7754531d8fbcbae7e445e5430387"
url = "https://github.com/biomejs/biome/releases/download/%40biomejs/biome%402.5.4/biome-darwin-x64"
provenance = "github-attestations"

[tools.biome."platforms.windows-x64"]
checksum = "sha256:49d1ef3925d31b2f08c00b76786621bf4603fdb4c3bfeff1aa2cd4d98de3a27c"
url = "https://github.com/biomejs/biome/releases/download/%40biomejs/biome%402.5.4/biome-win32-x64.exe"
provenance = "github-attestations"

[[tools.node]]
version = "26.5.0"
backend = "core:node"

[tools.node."platforms.linux-arm64"]
checksum = "sha256:308e5fe89a82461ba5a6cf15ff5221b2cdbd7ae87600aa72bb3c3fbdc66412d1"
url = "https://nodejs.org/dist/v26.5.0/node-v26.5.0-linux-arm64.tar.gz"

[tools.node."platforms.linux-arm64-musl"]
checksum = "sha256:1ab31aef6561191693f366cacd75bbcefa0301e49a18bc05554c21893bbdb490"
url = "https://unofficial-builds.nodejs.org/download/release/v26.5.0/node-v26.5.0-linux-arm64-musl.tar.gz"

[tools.node."platforms.linux-x64"]
checksum = "sha256:22b5f47ad6ae78837e4c2b846019965ce1a06ba143de176102294a1bf44fc677"
url = "https://nodejs.org/dist/v26.5.0/node-v26.5.0-linux-x64.tar.gz"

[tools.node."platforms.linux-x64-musl"]
checksum = "sha256:00f1398411a4216c5a6ecaad3b825a0da5ec00e79ee8c173ab65a094d97b9ad8"
url = "https://unofficial-builds.nodejs.org/download/release/v26.5.0/node-v26.5.0-linux-x64-musl.tar.gz"

[tools.node."platforms.macos-arm64"]
checksum = "sha256:ee920559aaa2391569cff4d737e3b83963430e3a14dedd91bfe0ff53171b5af9"
url = "https://nodejs.org/dist/v26.5.0/node-v26.5.0-darwin-arm64.tar.gz"

[tools.node."platforms.macos-x64"]
checksum = "sha256:98293394c945a24e64e00b4177bf075ec963ea70b34d1d2e24bd4a71716d334f"
url = "https://nodejs.org/dist/v26.5.0/node-v26.5.0-darwin-x64.tar.gz"

[tools.node."platforms.windows-x64"]
checksum = "sha256:d3b2277dbcccfdf24ef6302928f64f484cff1d77a6d3caa3a28f4d20ce9158f6"
url = "https://nodejs.org/dist/v26.5.0/node-v26.5.0-win-x64.zip"

[[tools.pnpm]]
version = "11.20.0"
backend = "aqua:pnpm/pnpm"

[tools.pnpm."platforms.linux-arm64"]
checksum = "sha256:f00fc2041bb41742b7943bf2bb24183ad20320e8384824a8031eb94edf2f57a5"
url = "https://github.com/pnpm/pnpm/releases/download/v11.20.0/pnpm-linux-arm64.tar.gz"
provenance = "github-attestations"

[tools.pnpm."platforms.linux-arm64-musl"]
checksum = "sha256:2a21235d3f0fbfbcb9e530b9a98f2c64dcee95d1d5d1c2d04428255c7b85f32c"
url = "https://github.com/pnpm/pnpm/releases/download/v11.20.0/pnpm-linux-arm64-musl.tar.gz"
provenance = "github-attestations"

[tools.pnpm."platforms.linux-x64"]
checksum = "sha256:b4ad6ad2b21db2f8cd50af416c3aa148ba704c31c84893f465a770a01c2c4572"
url = "https://github.com/pnpm/pnpm/releases/download/v11.20.0/pnpm-linux-x64.tar.gz"
provenance = "github-attestations"

[tools.pnpm."platforms.linux-x64-musl"]
checksum = "sha256:db046881c027f1a2d69e9a530a21a62c2bced4ba8ff437e7300426ae56951fe4"
url = "https://github.com/pnpm/pnpm/releases/download/v11.20.0/pnpm-linux-x64-musl.tar.gz"
provenance = "github-attestations"

[tools.pnpm."platforms.macos-arm64"]
checksum = "sha256:4bc97fea72e5c92eec1fefc8d410c35d01e0d0d52f3160c59f38c32db58b5cd2"
url = "https://github.com/pnpm/pnpm/releases/download/v11.20.0/pnpm-darwin-arm64.tar.gz"
provenance = "github-attestations"

[tools.pnpm."platforms.windows-x64"]
checksum = "sha256:ea2528bdc3d96a1ff3c35587dc48ca692b39d77f08f26df4adeaaa9eb427024e"
url = "https://github.com/pnpm/pnpm/releases/download/v11.20.0/pnpm-win32-x64.zip"
provenance = "github-attestations"

[[tools.sqlite]]
version = "3.53.2"
backend = "conda:sqlite"

[tools.sqlite."platforms.linux-arm64"]
checksum = "sha256:8be38d89f0ca2094fd1e2d36ac5289af4f57b81f772318fbb9539a546ef4e6b6"
url = "https://conda.anaconda.org/conda-forge/linux-aarch64/sqlite-3.53.2-hf1c7be2_2.conda"
conda_deps = [
    "readline-8.3-hb682ff5_0",
    "ncurses-6.6-hf8d1292_0",
    "libsqlite-3.53.2-h10b116e_2",
    "icu-78.3-h7ac5ae9_2",
    "libgcc-16.1.0-h205dda4_1",
    "libstdcxx-16.1.0-hef695bb_1",
    "libzlib-1.3.2-hdc9db2a_3",
    "_openmp_mutex-4.5-20_gnu",
    "libgomp-16.1.0-h8acb6b2_1",
]

[tools.sqlite."platforms.linux-arm64-musl"]
checksum = "sha256:8be38d89f0ca2094fd1e2d36ac5289af4f57b81f772318fbb9539a546ef4e6b6"
url = "https://conda.anaconda.org/conda-forge/linux-aarch64/sqlite-3.53.2-hf1c7be2_2.conda"
conda_deps = [
    "readline-8.3-hb682ff5_0",
    "ncurses-6.6-hf8d1292_0",
    "libsqlite-3.53.2-h10b116e_2",
    "icu-78.3-h7ac5ae9_2",
    "libgcc-16.1.0-h205dda4_1",
    "libstdcxx-16.1.0-hef695bb_1",
    "libzlib-1.3.2-hdc9db2a_3",
    "_openmp_mutex-4.5-20_gnu",
    "libgomp-16.1.0-h8acb6b2_1",
]

[tools.sqlite."platforms.macos-arm64"]
checksum = "sha256:2a8115a7fd07de32a7c0ee3afa5d08d1ec08e8881cc44142b4977a379f3bfeda"
url = "https://conda.anaconda.org/conda-forge/osx-arm64/sqlite-3.53.2-h77b7338_2.conda"
conda_deps = [
    "readline-8.3-h46df422_0",
    "ncurses-6.6-h1d4f5a5_0",
    "libsqlite-3.53.2-h1ae2325_2",
    "icu-78.3-hc7cc350_2",
    "libzlib-1.3.2-h8088a28_3",
]

[tools.sqlite."platforms.macos-x64"]
checksum = "sha256:0956db324df46fb7ab88d5983b1a6c3b4f17e313c5aca5e7502cc97fc3f32f2a"
url = "https://conda.anaconda.org/conda-forge/osx-64/sqlite-3.53.2-h6775aab_2.conda"
conda_deps = [
    "readline-8.3-h68b038d_0",
    "ncurses-6.6-hcc0dc9a_0",
    "libsqlite-3.53.2-h8f8c405_2",
    "icu-78.3-h4350ee2_2",
    "libzlib-1.3.2-hbb4bfdb_3",
]

[tools.sqlite."platforms.windows-x64"]
checksum = "sha256:c61daac67ec4fa2229f29cf4a106fb65cb4c616db9df3667f8ba42b8fdbb6367"
url = "https://conda.anaconda.org/conda-forge/win-64/sqlite-3.53.2-hdb435a2_2.conda"
conda_deps = [
    "libsqlite-3.53.2-hf5d6505_2",
    "ucrt-10.0.26100.0-h57928b3_0",
    "vc-14.5-ha367084_41",
    "vc14_runtime-14.51.36247-habf1de7_41",
    "vcomp14-14.51.36247-habf1de7_41",
]

[[tools.wrangler]]
version = "4.110.0"
backend = "npm:wrangler"
